
Microsoft Visual Studio Solution File, Format Version 12.00
# Visual Studio Version 17
VisualStudioVersion = 17.5.002.0
MinimumVisualStudioVersion = 10.0.40219.1
Project("{FAE04EC0-301F-11D3-BF4B-00C04F79EFBC}") = "MessagesCore.ClientReceiver", "MessagesCore.ClientReceiver\MessagesCore.ClientReceiver.csproj", "{FBE8A181-7E06-41CB-BE08-2A8D2B0B3DFB}"
EndProject
Project("{2150E333-8FDC-42A3-9474-1A3956D46DE8}") = "Solution Items", "Solution Items", "{5B4B9482-BE42-47BC-A5BB-233C26A156A9}"
	ProjectSection(SolutionItems) = preProject
		compose.yaml = compose.yaml
	EndProjectSection
EndProject
Project("{FAE04EC0-301F-11D3-BF4B-00C04F79EFBC}") = "MessageHandler.ManualTesting", "MessageHandler.ManualTesting\MessageHandler.ManualTesting.csproj", "{A5E0F633-0856-48E8-891A-64EBF7583F9D}"
EndProject
Project("{FAE04EC0-301F-11D3-BF4B-00C04F79EFBC}") = "MessageCore.Contracts", "MessageCore.Contracts\MessageCore.Contracts.csproj", "{80480A99-0FE9-4F3D-BF5F-2DF0FD9643BA}"
EndProject
Project("{FAE04EC0-301F-11D3-BF4B-00C04F79EFBC}") = "MessagesCore.ClientSender", "MessagesCore.ClientSender\MessagesCore.ClientSender.csproj", "{8050AD59-4581-48B4-9DDC-D732FDC02ABE}"
EndProject
Global
	GlobalSection(SolutionConfigurationPlatforms) = preSolution
		Debug|Any CPU = Debug|Any CPU
		Release|Any CPU = Release|Any CPU
	EndGlobalSection
	GlobalSection(ProjectConfigurationPlatforms) = postSolution
		{FBE8A181-7E06-41CB-BE08-2A8D2B0B3DFB}.Debug|Any CPU.ActiveCfg = Debug|Any CPU
		{FBE8A181-7E06-41CB-BE08-2A8D2B0B3DFB}.Debug|Any CPU.Build.0 = Debug|Any CPU
		{FBE8A181-7E06-41CB-BE08-2A8D2B0B3DFB}.Release|Any CPU.ActiveCfg = Release|Any CPU
		{FBE8A181-7E06-41CB-BE08-2A8D2B0B3DFB}.Release|Any CPU.Build.0 = Release|Any CPU
		{A5E0F633-0856-48E8-891A-64EBF7583F9D}.Debug|Any CPU.ActiveCfg = Debug|Any CPU
		{A5E0F633-0856-48E8-891A-64EBF7583F9D}.Debug|Any CPU.Build.0 = Debug|Any CPU
		{A5E0F633-0856-48E8-891A-64EBF7583F9D}.Release|Any CPU.ActiveCfg = Release|Any CPU
		{A5E0F633-0856-48E8-891A-64EBF7583F9D}.Release|Any CPU.Build.0 = Release|Any CPU
		{80480A99-0FE9-4F3D-BF5F-2DF0FD9643BA}.Debug|Any CPU.ActiveCfg = Debug|Any CPU
		{80480A99-0FE9-4F3D-BF5F-2DF0FD9643BA}.Debug|Any CPU.Build.0 = Debug|Any CPU
		{80480A99-0FE9-4F3D-BF5F-2DF0FD9643BA}.Release|Any CPU.ActiveCfg = Release|Any CPU
		{80480A99-0FE9-4F3D-BF5F-2DF0FD9643BA}.Release|Any CPU.Build.0 = Release|Any CPU
		{8050AD59-4581-48B4-9DDC-D732FDC02ABE}.Debug|Any CPU.ActiveCfg = Debug|Any CPU
		{8050AD59-4581-48B4-9DDC-D732FDC02ABE}.Debug|Any CPU.Build.0 = Debug|Any CPU
		{8050AD59-4581-48B4-9DDC-D732FDC02ABE}.Release|Any CPU.ActiveCfg = Release|Any CPU
		{8050AD59-4581-48B4-9DDC-D732FDC02ABE}.Release|Any CPU.Build.0 = Release|Any CPU
	EndGlobalSection
	GlobalSection(SolutionProperties) = preSolution
		HideSolutionNode = FALSE
	EndGlobalSection
	GlobalSection(ExtensibilityGlobals) = postSolution
		SolutionGuid = {51DEC97A-B3DC-473F-87C0-EC3282C036C2}
	EndGlobalSection
EndGlobal
